// !$*UTF8*$!
{
	archiveVersion = 1;
	classes = {
	};
	objectVersion = 46;
	objects = {

/* Begin PBXBuildFile section */
		06066C7F13D9C9850019D945 /* Default.png in Resources */ = {isa = PBXBuildFile; fileRef = 06066C7E13D9C9850019D945 /* Default.png */; };
		06066C9113D9D97E0019D945 /* Unit-1.png in Resources */ = {isa = PBXBuildFile; fileRef = 06066C8C13D9D97E0019D945 /* Unit-1.png */; };
		06066C9213D9D97E0019D945 /* Unit-2.png in Resources */ = {isa = PBXBuildFile; fileRef = 06066C8D13D9D97E0019D945 /* Unit-2.png */; };
		06066C9313D9D97E0019D945 /* Unit-3.png in Resources */ = {isa = PBXBuildFile; fileRef = 06066C8E13D9D97E0019D945 /* Unit-3.png */; };
		06066C9413D9D97E0019D945 /* Unit-4.png in Resources */ = {isa = PBXBuildFile; fileRef = 06066C8F13D9D97E0019D945 /* Unit-4.png */; };
		06066C9513D9D97E0019D945 /* Unit-5.png in Resources */ = {isa = PBXBuildFile; fileRef = 06066C9013D9D97E0019D945 /* Unit-5.png */; };
		06066CA813DA3A7A0019D945 /* UnitIconView.m in Sources */ = {isa = PBXBuildFile; fileRef = 06066CA713DA3A7A0019D945 /* UnitIconView.m */; };
		06066CE413DA804C0019D945 /* WordSetBriefView.m in Sources */ = {isa = PBXBuildFile; fileRef = 06066CE313DA804B0019D945 /* WordSetBriefView.m */; };
		06066CE713DA95A00019D945 /* MTLabel.m in Sources */ = {isa = PBXBuildFile; fileRef = 06066CE613DA95A00019D945 /* MTLabel.m */; };
		06066CF113DA97710019D945 /* CoreText.framework in Frameworks */ = {isa = PBXBuildFile; fileRef = 06066CF013DA97710019D945 /* CoreText.framework */; };
		06066D0C13DB17E70019D945 /* CAArrowShapeLayer.m in Sources */ = {isa = PBXBuildFile; fileRef = 06066D0B13DB17E70019D945 /* CAArrowShapeLayer.m */; };
		06066D0F13DBC7600019D945 /* search-bg.png in Resources */ = {isa = PBXBuildFile; fileRef = 06066D0E13DBC7600019D945 /* search-bg.png */; };
		06066D1213DBC7A10019D945 /* CustomSearchBar.m in Sources */ = {isa = PBXBuildFile; fileRef = 06066D1113DBC7A10019D945 /* CustomSearchBar.m */; };
		06066D1813DBFDC50019D945 /* Unit-1@2x.png in Resources */ = {isa = PBXBuildFile; fileRef = 06066D1313DBFDC30019D945 /* Unit-1@2x.png */; };
		06066D1913DBFDC50019D945 /* Unit-2@2x.PNG in Resources */ = {isa = PBXBuildFile; fileRef = 06066D1413DBFDC40019D945 /* Unit-2@2x.PNG */; };
		06066D1A13DBFDC50019D945 /* Unit-3@2x.png in Resources */ = {isa = PBXBuildFile; fileRef = 06066D1513DBFDC40019D945 /* Unit-3@2x.png */; };
		06066D1B13DBFDC50019D945 /* Unit-4@2x.png in Resources */ = {isa = PBXBuildFile; fileRef = 06066D1613DBFDC40019D945 /* Unit-4@2x.png */; };
		06066D1C13DBFDC50019D945 /* Unit-5@2x.png in Resources */ = {isa = PBXBuildFile; fileRef = 06066D1713DBFDC40019D945 /* Unit-5@2x.png */; };
		06066D1E13DC10600019D945 /* search-bg@2x.png in Resources */ = {isa = PBXBuildFile; fileRef = 06066D1D13DC10600019D945 /* search-bg@2x.png */; };
		0632420213D87C7F00388D3E /* UIKit.framework in Frameworks */ = {isa = PBXBuildFile; fileRef = 0632420113D87C7F00388D3E /* UIKit.framework */; };
		0632420413D87C7F00388D3E /* Foundation.framework in Frameworks */ = {isa = PBXBuildFile; fileRef = 0632420313D87C7F00388D3E /* Foundation.framework */; };
		0632420613D87C7F00388D3E /* CoreGraphics.framework in Frameworks */ = {isa = PBXBuildFile; fileRef = 0632420513D87C7F00388D3E /* CoreGraphics.framework */; };
		0632420C13D87C7F00388D3E /* InfoPlist.strings in Resources */ = {isa = PBXBuildFile; fileRef = 0632420A13D87C7F00388D3E /* InfoPlist.strings */; };
		0632420F13D87C7F00388D3E /* main.m in Sources */ = {isa = PBXBuildFile; fileRef = 0632420E13D87C7F00388D3E /* main.m */; };
		0632421213D87C8000388D3E /* WordTotalFrequencyAppDelegate.m in Sources */ = {isa = PBXBuildFile; fileRef = 0632421113D87C8000388D3E /* WordTotalFrequencyAppDelegate.m */; };
		0632421513D87C8000388D3E /* MainWindow.xib in Resources */ = {isa = PBXBuildFile; fileRef = 0632421313D87C8000388D3E /* MainWindow.xib */; };
		064A681813D905FB001B6828 /* WordSetController.m in Sources */ = {isa = PBXBuildFile; fileRef = 064A681713D905FB001B6828 /* WordSetController.m */; };
		064B389913D882D9006A5780 /* README in Resources */ = {isa = PBXBuildFile; fileRef = 064B389813D882D9006A5780 /* README */; };
		064DBE6513DF116300990264 /* OCProgress.m in Sources */ = {isa = PBXBuildFile; fileRef = 064DBE6413DF116300990264 /* OCProgress.m */; };
		065EE48813DF8FC50032CB43 /* BriefView.m in Sources */ = {isa = PBXBuildFile; fileRef = 065EE48713DF8FC50032CB43 /* BriefView.m */; };
		065EE49213E051A60032CB43 /* arrow-back.png in Resources */ = {isa = PBXBuildFile; fileRef = 065EE49013E051A60032CB43 /* arrow-back.png */; };
		065EE49313E051A60032CB43 /* arrow-back@2x.png in Resources */ = {isa = PBXBuildFile; fileRef = 065EE49113E051A60032CB43 /* arrow-back@2x.png */; };
		065EE49913E0589A0032CB43 /* WordDetailController.m in Sources */ = {isa = PBXBuildFile; fileRef = 065EE49813E0589A0032CB43 /* WordDetailController.m */; };
		06647E8D13DDC9F100A65A97 /* WordListController.m in Sources */ = {isa = PBXBuildFile; fileRef = 06647E8C13DDC9F100A65A97 /* WordListController.m */; };
		06647EA713DEFB7400A65A97 /* WordListCellContentView.m in Sources */ = {isa = PBXBuildFile; fileRef = 06647EA613DEFB7400A65A97 /* WordListCellContentView.m */; };
		06647EAD13DEFE2300A65A97 /* mark-circle.png in Resources */ = {isa = PBXBuildFile; fileRef = 06647EAC13DEFE2300A65A97 /* mark-circle.png */; };
		06647EB513DF091600A65A97 /* mark-circle@2x.png in Resources */ = {isa = PBXBuildFile; fileRef = 06647EB413DF091600A65A97 /* mark-circle@2x.png */; };
		067A0DF013D88991003589DA /* QuartzCore.framework in Frameworks */ = {isa = PBXBuildFile; fileRef = 067A0DEF13D88991003589DA /* QuartzCore.framework */; };
		067A0DFA13D890D2003589DA /* WordSet.m in Sources */ = {isa = PBXBuildFile; fileRef = 067A0DF913D890D2003589DA /* WordSet.m */; };
		067A0E0813D891AC003589DA /* DashboardController.m in Sources */ = {isa = PBXBuildFile; fileRef = 067A0E0713D891AC003589DA /* DashboardController.m */; };
		067A0E1613D8E8D3003589DA /* UIColor+WTF.m in Sources */ = {isa = PBXBuildFile; fileRef = 067A0E1513D8E8D3003589DA /* UIColor+WTF.m */; };
		067A0E1913D8EBBE003589DA /* DashboardView.m in Sources */ = {isa = PBXBuildFile; fileRef = 067A0E1813D8EBBE003589DA /* DashboardView.m */; };
		0693086513E55FEE00FBF949 /* speaker.png in Resources */ = {isa = PBXBuildFile; fileRef = 0693086313E55FEE00FBF949 /* speaker.png */; };
		0693086613E55FEE00FBF949 /* speaker@2x.png in Resources */ = {isa = PBXBuildFile; fileRef = 0693086413E55FEE00FBF949 /* speaker@2x.png */; };
		0693086913E561D600FBF949 /* mark-circle-gray.png in Resources */ = {isa = PBXBuildFile; fileRef = 0693086713E561D600FBF949 /* mark-circle-gray.png */; };
		0693086A13E561D600FBF949 /* mark-circle-gray@2x.png in Resources */ = {isa = PBXBuildFile; fileRef = 0693086813E561D600FBF949 /* mark-circle-gray@2x.png */; };
		0693087113E566DD00FBF949 /* tag-gre.png in Resources */ = {isa = PBXBuildFile; fileRef = 0693086B13E566DD00FBF949 /* tag-gre.png */; };
		0693087213E566DD00FBF949 /* tag-gre@2x.png in Resources */ = {isa = PBXBuildFile; fileRef = 0693086C13E566DD00FBF949 /* tag-gre@2x.png */; };
		0693087313E566DD00FBF949 /* tag-toefl.png in Resources */ = {isa = PBXBuildFile; fileRef = 0693086D13E566DD00FBF949 /* tag-toefl.png */; };
		0693087413E566DD00FBF949 /* tag-toefl@2x.png in Resources */ = {isa = PBXBuildFile; fileRef = 0693086E13E566DD00FBF949 /* tag-toefl@2x.png */; };
		0693087513E566DD00FBF949 /* tag-yelts.png in Resources */ = {isa = PBXBuildFile; fileRef = 0693086F13E566DD00FBF949 /* tag-yelts.png */; };
		0693087613E566DD00FBF949 /* tag-yelts@2x.png in Resources */ = {isa = PBXBuildFile; fileRef = 0693087013E566DD00FBF949 /* tag-yelts@2x.png */; };
		06AE715A13E4E65000653717 /* libsqlite3.dylib in Frameworks */ = {isa = PBXBuildFile; fileRef = 06AE715913E4E65000653717 /* libsqlite3.dylib */; };
		06B1F22F13E0E0BF00864971 /* check-mark.png in Resources */ = {isa = PBXBuildFile; fileRef = 06B1F22D13E0E0BF00864971 /* check-mark.png */; };
		06B1F23013E0E0BF00864971 /* check-mark@2x.png in Resources */ = {isa = PBXBuildFile; fileRef = 06B1F22E13E0E0BF00864971 /* check-mark@2x.png */; };
		06B2F9ED13E4333C001463AC /* CoreData.framework in Frameworks */ = {isa = PBXBuildFile; fileRef = 06B2F9EC13E4333C001463AC /* CoreData.framework */; };
		06B2F9F113E433F0001463AC /* WordModel.xcdatamodeld in Sources */ = {isa = PBXBuildFile; fileRef = 06B2F9EF13E433F0001463AC /* WordModel.xcdatamodeld */; };
		06B2F9F413E434D3001463AC /* Word.m in Sources */ = {isa = PBXBuildFile; fileRef = 06B2F9F313E434D3001463AC /* Word.m */; };
		C2559FE214113CD700558487 /* down-button.png in Resources */ = {isa = PBXBuildFile; fileRef = C2559FE114113CD700558487 /* down-button.png */; };
		C28CFCEC13F4232A0081B2C0 /* WordTotalFrequency.sqlite in Resources */ = {isa = PBXBuildFile; fileRef = C28CFCEB13F4232A0081B2C0 /* WordTotalFrequency.sqlite */; };
		C28CFD2E13F4A43E0081B2C0 /* WordDetailView.m in Sources */ = {isa = PBXBuildFile; fileRef = C28CFD2D13F4A43E0081B2C0 /* WordDetailView.m */; };
		C29A881F13FB361100CA1FD1 /* mark-circle-right.png in Resources */ = {isa = PBXBuildFile; fileRef = C29A881B13FB361100CA1FD1 /* mark-circle-right.png */; };
		C29A882013FB361100CA1FD1 /* mark-circle-right@2x.png in Resources */ = {isa = PBXBuildFile; fileRef = C29A881C13FB361100CA1FD1 /* mark-circle-right@2x.png */; };
		C29A882113FB361100CA1FD1 /* mark-circle-wrong.png in Resources */ = {isa = PBXBuildFile; fileRef = C29A881D13FB361100CA1FD1 /* mark-circle-wrong.png */; };
		C29A882213FB361100CA1FD1 /* mark-circle-wrong@2x.png in Resources */ = {isa = PBXBuildFile; fileRef = C29A881E13FB361100CA1FD1 /* mark-circle-wrong@2x.png */; };
		C2A6AAAA13F954E800A2B0AF /* WordTestView.m in Sources */ = {isa = PBXBuildFile; fileRef = C2A6AAA913F954E800A2B0AF /* WordTestView.m */; };
		C2A6AAEE13F978AC00A2B0AF /* paper.png in Resources */ = {isa = PBXBuildFile; fileRef = C2A6AAEC13F978AC00A2B0AF /* paper.png */; };
		C2A6AAEF13F978AC00A2B0AF /* paper@2x.png in Resources */ = {isa = PBXBuildFile; fileRef = C2A6AAED13F978AC00A2B0AF /* paper@2x.png */; };
		C2A6AAF213F97D4400A2B0AF /* WordPaperView.m in Sources */ = {isa = PBXBuildFile; fileRef = C2A6AAF113F97D4400A2B0AF /* WordPaperView.m */; };
		C2BA9AF213F2CFA700655182 /* AVFoundation.framework in Frameworks */ = {isa = PBXBuildFile; fileRef = C2BA9AF113F2CFA700655182 /* AVFoundation.framework */; };
/* End PBXBuildFile section */

/* Begin PBXFileReference section */
		06066C7E13D9C9850019D945 /* Default.png */ = {isa = PBXFileReference; lastKnownFileType = image.png; path = Default.png; sourceTree = "<group>"; };
		06066C8C13D9D97E0019D945 /* Unit-1.png */ = {isa = PBXFileReference; lastKnownFileType = image.png; path = "Unit-1.png"; sourceTree = "<group>"; };
		06066C8D13D9D97E0019D945 /* Unit-2.png */ = {isa = PBXFileReference; lastKnownFileType = image.png; path = "Unit-2.png"; sourceTree = "<group>"; };
		06066C8E13D9D97E0019D945 /* Unit-3.png */ = {isa = PBXFileReference; lastKnownFileType = image.png; path = "Unit-3.png"; sourceTree = "<group>"; };
		06066C8F13D9D97E0019D945 /* Unit-4.png */ = {isa = PBXFileReference; lastKnownFileType = image.png; path = "Unit-4.png"; sourceTree = "<group>"; };
		06066C9013D9D97E0019D945 /* Unit-5.png */ = {isa = PBXFileReference; lastKnownFileType = image.png; path = "Unit-5.png"; sourceTree = "<group>"; };
		06066CA613DA3A7A0019D945 /* UnitIconView.h */ = {isa = PBXFileReference; fileEncoding = 4; lastKnownFileType = sourcecode.c.h; path = UnitIconView.h; sourceTree = "<group>"; };
		06066CA713DA3A7A0019D945 /* UnitIconView.m */ = {isa = PBXFileReference; fileEncoding = 4; lastKnownFileType = sourcecode.c.objc; path = UnitIconView.m; sourceTree = "<group>"; };
		06066CE213DA804B0019D945 /* WordSetBriefView.h */ = {isa = PBXFileReference; fileEncoding = 4; lastKnownFileType = sourcecode.c.h; path = WordSetBriefView.h; sourceTree = "<group>"; };
		06066CE313DA804B0019D945 /* WordSetBriefView.m */ = {isa = PBXFileReference; fileEncoding = 4; lastKnownFileType = sourcecode.c.objc; path = WordSetBriefView.m; sourceTree = "<group>"; };
		06066CE513DA95A00019D945 /* MTLabel.h */ = {isa = PBXFileReference; fileEncoding = 4; lastKnownFileType = sourcecode.c.h; path = MTLabel.h; sourceTree = "<group>"; };
		06066CE613DA95A00019D945 /* MTLabel.m */ = {isa = PBXFileReference; fileEncoding = 4; lastKnownFileType = sourcecode.c.objc; path = MTLabel.m; sourceTree = "<group>"; };
		06066CF013DA97710019D945 /* CoreText.framework */ = {isa = PBXFileReference; lastKnownFileType = wrapper.framework; name = CoreText.framework; path = System/Library/Frameworks/CoreText.framework; sourceTree = SDKROOT; };
		06066D0A13DB17E70019D945 /* CAArrowShapeLayer.h */ = {isa = PBXFileReference; fileEncoding = 4; lastKnownFileType = sourcecode.c.h; path = CAArrowShapeLayer.h; sourceTree = "<group>"; };
		06066D0B13DB17E70019D945 /* CAArrowShapeLayer.m */ = {isa = PBXFileReference; fileEncoding = 4; lastKnownFileType = sourcecode.c.objc; path = CAArrowShapeLayer.m; sourceTree = "<group>"; };
		06066D0E13DBC7600019D945 /* search-bg.png */ = {isa = PBXFileReference; lastKnownFileType = image.png; path = "search-bg.png"; sourceTree = "<group>"; };
		06066D1013DBC7A10019D945 /* CustomSearchBar.h */ = {isa = PBXFileReference; fileEncoding = 4; lastKnownFileType = sourcecode.c.h; path = CustomSearchBar.h; sourceTree = "<group>"; };
		06066D1113DBC7A10019D945 /* CustomSearchBar.m */ = {isa = PBXFileReference; fileEncoding = 4; lastKnownFileType = sourcecode.c.objc; path = CustomSearchBar.m; sourceTree = "<group>"; };
		06066D1313DBFDC30019D945 /* Unit-1@2x.png */ = {isa = PBXFileReference; lastKnownFileType = image.png; path = "Unit-1@2x.png"; sourceTree = "<group>"; };
		06066D1413DBFDC40019D945 /* Unit-2@2x.PNG */ = {isa = PBXFileReference; lastKnownFileType = image.png; path = "Unit-2@2x.PNG"; sourceTree = "<group>"; };
		06066D1513DBFDC40019D945 /* Unit-3@2x.png */ = {isa = PBXFileReference; lastKnownFileType = image.png; path = "Unit-3@2x.png"; sourceTree = "<group>"; };
		06066D1613DBFDC40019D945 /* Unit-4@2x.png */ = {isa = PBXFileReference; lastKnownFileType = image.png; path = "Unit-4@2x.png"; sourceTree = "<group>"; };
		06066D1713DBFDC40019D945 /* Unit-5@2x.png */ = {isa = PBXFileReference; lastKnownFileType = image.png; path = "Unit-5@2x.png"; sourceTree = "<group>"; };
		06066D1D13DC10600019D945 /* search-bg@2x.png */ = {isa = PBXFileReference; lastKnownFileType = image.png; path = "search-bg@2x.png"; sourceTree = "<group>"; };
		063241FD13D87C7F00388D3E /* WordTotalFrequency.app */ = {isa = PBXFileReference; explicitFileType = wrapper.application; includeInIndex = 0; path = WordTotalFrequency.app; sourceTree = BUILT_PRODUCTS_DIR; };
		0632420113D87C7F00388D3E /* UIKit.framework */ = {isa = PBXFileReference; lastKnownFileType = wrapper.framework; name = UIKit.framework; path = System/Library/Frameworks/UIKit.framework; sourceTree = SDKROOT; };
		0632420313D87C7F00388D3E /* Foundation.framework */ = {isa = PBXFileReference; lastKnownFileType = wrapper.framework; name = Foundation.framework; path = System/Library/Frameworks/Foundation.framework; sourceTree = SDKROOT; };
		0632420513D87C7F00388D3E /* CoreGraphics.framework */ = {isa = PBXFileReference; lastKnownFileType = wrapper.framework; name = CoreGraphics.framework; path = System/Library/Frameworks/CoreGraphics.framework; sourceTree = SDKROOT; };
		0632420913D87C7F00388D3E /* WordTotalFrequency-Info.plist */ = {isa = PBXFileReference; lastKnownFileType = text.plist.xml; path = "WordTotalFrequency-Info.plist"; sourceTree = "<group>"; };
		0632420B13D87C7F00388D3E /* en */ = {isa = PBXFileReference; lastKnownFileType = text.plist.strings; name = en; path = en.lproj/InfoPlist.strings; sourceTree = "<group>"; };
		0632420D13D87C7F00388D3E /* WordTotalFrequency-Prefix.pch */ = {isa = PBXFileReference; lastKnownFileType = sourcecode.c.h; path = "WordTotalFrequency-Prefix.pch"; sourceTree = "<group>"; };
		0632420E13D87C7F00388D3E /* main.m */ = {isa = PBXFileReference; lastKnownFileType = sourcecode.c.objc; path = main.m; sourceTree = "<group>"; };
		0632421013D87C7F00388D3E /* WordTotalFrequencyAppDelegate.h */ = {isa = PBXFileReference; lastKnownFileType = sourcecode.c.h; path = WordTotalFrequencyAppDelegate.h; sourceTree = "<group>"; };
		0632421113D87C8000388D3E /* WordTotalFrequencyAppDelegate.m */ = {isa = PBXFileReference; lastKnownFileType = sourcecode.c.objc; path = WordTotalFrequencyAppDelegate.m; sourceTree = "<group>"; };
		0632421413D87C8000388D3E /* en */ = {isa = PBXFileReference; lastKnownFileType = file.xib; name = en; path = en.lproj/MainWindow.xib; sourceTree = "<group>"; };
		064A681613D905FB001B6828 /* WordSetController.h */ = {isa = PBXFileReference; fileEncoding = 4; lastKnownFileType = sourcecode.c.h; path = WordSetController.h; sourceTree = "<group>"; };
		064A681713D905FB001B6828 /* WordSetController.m */ = {isa = PBXFileReference; fileEncoding = 4; lastKnownFileType = sourcecode.c.objc; path = WordSetController.m; sourceTree = "<group>"; };
		064B389813D882D9006A5780 /* README */ = {isa = PBXFileReference; fileEncoding = 4; lastKnownFileType = text; path = README; sourceTree = "<group>"; };
		064DBE6313DF116300990264 /* OCProgress.h */ = {isa = PBXFileReference; fileEncoding = 4; lastKnownFileType = sourcecode.c.h; path = OCProgress.h; sourceTree = "<group>"; };
		064DBE6413DF116300990264 /* OCProgress.m */ = {isa = PBXFileReference; fileEncoding = 4; lastKnownFileType = sourcecode.c.objc; path = OCProgress.m; sourceTree = "<group>"; };
		065EE48613DF8FC50032CB43 /* BriefView.h */ = {isa = PBXFileReference; fileEncoding = 4; lastKnownFileType = sourcecode.c.h; path = BriefView.h; sourceTree = "<group>"; };
		065EE48713DF8FC50032CB43 /* BriefView.m */ = {isa = PBXFileReference; fileEncoding = 4; lastKnownFileType = sourcecode.c.objc; path = BriefView.m; sourceTree = "<group>"; };
		065EE49013E051A60032CB43 /* arrow-back.png */ = {isa = PBXFileReference; lastKnownFileType = image.png; path = "arrow-back.png"; sourceTree = "<group>"; };
		065EE49113E051A60032CB43 /* arrow-back@2x.png */ = {isa = PBXFileReference; lastKnownFileType = image.png; path = "arrow-back@2x.png"; sourceTree = "<group>"; };
		065EE49713E058990032CB43 /* WordDetailController.h */ = {isa = PBXFileReference; fileEncoding = 4; lastKnownFileType = sourcecode.c.h; path = WordDetailController.h; sourceTree = "<group>"; };
		065EE49813E0589A0032CB43 /* WordDetailController.m */ = {isa = PBXFileReference; fileEncoding = 4; lastKnownFileType = sourcecode.c.objc; path = WordDetailController.m; sourceTree = "<group>"; };
		06647E8B13DDC9F100A65A97 /* WordListController.h */ = {isa = PBXFileReference; fileEncoding = 4; lastKnownFileType = sourcecode.c.h; path = WordListController.h; sourceTree = "<group>"; };
		06647E8C13DDC9F100A65A97 /* WordListController.m */ = {isa = PBXFileReference; fileEncoding = 4; lastKnownFileType = sourcecode.c.objc; path = WordListController.m; sourceTree = "<group>"; };
		06647EA513DEFB7400A65A97 /* WordListCellContentView.h */ = {isa = PBXFileReference; fileEncoding = 4; lastKnownFileType = sourcecode.c.h; path = WordListCellContentView.h; sourceTree = "<group>"; };
		06647EA613DEFB7400A65A97 /* WordListCellContentView.m */ = {isa = PBXFileReference; fileEncoding = 4; lastKnownFileType = sourcecode.c.objc; path = WordListCellContentView.m; sourceTree = "<group>"; };
		06647EAC13DEFE2300A65A97 /* mark-circle.png */ = {isa = PBXFileReference; lastKnownFileType = image.png; path = "mark-circle.png"; sourceTree = "<group>"; };
		06647EB413DF091600A65A97 /* mark-circle@2x.png */ = {isa = PBXFileReference; lastKnownFileType = image.png; path = "mark-circle@2x.png"; sourceTree = "<group>"; };
		067A0DEF13D88991003589DA /* QuartzCore.framework */ = {isa = PBXFileReference; lastKnownFileType = wrapper.framework; name = QuartzCore.framework; path = System/Library/Frameworks/QuartzCore.framework; sourceTree = SDKROOT; };
		067A0DF813D890D2003589DA /* WordSet.h */ = {isa = PBXFileReference; fileEncoding = 4; lastKnownFileType = sourcecode.c.h; path = WordSet.h; sourceTree = "<group>"; };
		067A0DF913D890D2003589DA /* WordSet.m */ = {isa = PBXFileReference; fileEncoding = 4; lastKnownFileType = sourcecode.c.objc; path = WordSet.m; sourceTree = "<group>"; };
		067A0E0613D891AC003589DA /* DashboardController.h */ = {isa = PBXFileReference; fileEncoding = 4; lastKnownFileType = sourcecode.c.h; path = DashboardController.h; sourceTree = "<group>"; };
		067A0E0713D891AC003589DA /* DashboardController.m */ = {isa = PBXFileReference; fileEncoding = 4; lastKnownFileType = sourcecode.c.objc; path = DashboardController.m; sourceTree = "<group>"; };
		067A0E1113D8E469003589DA /* Common.h */ = {isa = PBXFileReference; fileEncoding = 4; lastKnownFileType = sourcecode.c.h; path = Common.h; sourceTree = "<group>"; };
		067A0E1413D8E8D3003589DA /* UIColor+WTF.h */ = {isa = PBXFileReference; fileEncoding = 4; lastKnownFileType = sourcecode.c.h; path = "UIColor+WTF.h"; sourceTree = "<group>"; };
		067A0E1513D8E8D3003589DA /* UIColor+WTF.m */ = {isa = PBXFileReference; fileEncoding = 4; lastKnownFileType = sourcecode.c.objc; path = "UIColor+WTF.m"; sourceTree = "<group>"; };
		067A0E1713D8EBBE003589DA /* DashboardView.h */ = {isa = PBXFileReference; fileEncoding = 4; lastKnownFileType = sourcecode.c.h; path = DashboardView.h; sourceTree = "<group>"; };
		067A0E1813D8EBBE003589DA /* DashboardView.m */ = {isa = PBXFileReference; fileEncoding = 4; lastKnownFileType = sourcecode.c.objc; path = DashboardView.m; sourceTree = "<group>"; };
		0693086313E55FEE00FBF949 /* speaker.png */ = {isa = PBXFileReference; lastKnownFileType = image.png; path = speaker.png; sourceTree = "<group>"; };
		0693086413E55FEE00FBF949 /* speaker@2x.png */ = {isa = PBXFileReference; lastKnownFileType = image.png; path = "speaker@2x.png"; sourceTree = "<group>"; };
		0693086713E561D600FBF949 /* mark-circle-gray.png */ = {isa = PBXFileReference; lastKnownFileType = image.png; path = "mark-circle-gray.png"; sourceTree = "<group>"; };
		0693086813E561D600FBF949 /* mark-circle-gray@2x.png */ = {isa = PBXFileReference; lastKnownFileType = image.png; path = "mark-circle-gray@2x.png"; sourceTree = "<group>"; };
		0693086B13E566DD00FBF949 /* tag-gre.png */ = {isa = PBXFileReference; lastKnownFileType = image.png; path = "tag-gre.png"; sourceTree = "<group>"; };
		0693086C13E566DD00FBF949 /* tag-gre@2x.png */ = {isa = PBXFileReference; lastKnownFileType = image.png; path = "tag-gre@2x.png"; sourceTree = "<group>"; };
		0693086D13E566DD00FBF949 /* tag-toefl.png */ = {isa = PBXFileReference; lastKnownFileType = image.png; path = "tag-toefl.png"; sourceTree = "<group>"; };
		0693086E13E566DD00FBF949 /* tag-toefl@2x.png */ = {isa = PBXFileReference; lastKnownFileType = image.png; path = "tag-toefl@2x.png"; sourceTree = "<group>"; };
		0693086F13E566DD00FBF949 /* tag-yelts.png */ = {isa = PBXFileReference; lastKnownFileType = image.png; path = "tag-yelts.png"; sourceTree = "<group>"; };
		0693087013E566DD00FBF949 /* tag-yelts@2x.png */ = {isa = PBXFileReference; lastKnownFileType = image.png; path = "tag-yelts@2x.png"; sourceTree = "<group>"; };
		06AE715913E4E65000653717 /* libsqlite3.dylib */ = {isa = PBXFileReference; lastKnownFileType = "compiled.mach-o.dylib"; name = libsqlite3.dylib; path = usr/lib/libsqlite3.dylib; sourceTree = SDKROOT; };
		06B1F22D13E0E0BF00864971 /* check-mark.png */ = {isa = PBXFileReference; lastKnownFileType = image.png; path = "check-mark.png"; sourceTree = "<group>"; };
		06B1F22E13E0E0BF00864971 /* check-mark@2x.png */ = {isa = PBXFileReference; lastKnownFileType = image.png; path = "check-mark@2x.png"; sourceTree = "<group>"; };
		06B2F9EC13E4333C001463AC /* CoreData.framework */ = {isa = PBXFileReference; lastKnownFileType = wrapper.framework; name = CoreData.framework; path = System/Library/Frameworks/CoreData.framework; sourceTree = SDKROOT; };
		06B2F9F013E433F0001463AC /* WordModel.xcdatamodel */ = {isa = PBXFileReference; lastKnownFileType = wrapper.xcdatamodel; path = WordModel.xcdatamodel; sourceTree = "<group>"; };
		06B2F9F213E434D3001463AC /* Word.h */ = {isa = PBXFileReference; fileEncoding = 4; lastKnownFileType = sourcecode.c.h; path = Word.h; sourceTree = "<group>"; };
		06B2F9F313E434D3001463AC /* Word.m */ = {isa = PBXFileReference; fileEncoding = 4; lastKnownFileType = sourcecode.c.objc; path = Word.m; sourceTree = "<group>"; };
		C2559FE114113CD700558487 /* down-button.png */ = {isa = PBXFileReference; lastKnownFileType = image.png; path = "down-button.png"; sourceTree = "<group>"; };
		C28CFCEB13F4232A0081B2C0 /* WordTotalFrequency.sqlite */ = {isa = PBXFileReference; lastKnownFileType = file; path = WordTotalFrequency.sqlite; sourceTree = "<group>"; };
		C28CFD2C13F4A43D0081B2C0 /* WordDetailView.h */ = {isa = PBXFileReference; fileEncoding = 4; lastKnownFileType = sourcecode.c.h; path = WordDetailView.h; sourceTree = "<group>"; };
		C28CFD2D13F4A43E0081B2C0 /* WordDetailView.m */ = {isa = PBXFileReference; fileEncoding = 4; lastKnownFileType = sourcecode.c.objc; path = WordDetailView.m; sourceTree = "<group>"; };
		C29A881B13FB361100CA1FD1 /* mark-circle-right.png */ = {isa = PBXFileReference; lastKnownFileType = image.png; path = "mark-circle-right.png"; sourceTree = "<group>"; };
		C29A881C13FB361100CA1FD1 /* mark-circle-right@2x.png */ = {isa = PBXFileReference; lastKnownFileType = image.png; path = "mark-circle-right@2x.png"; sourceTree = "<group>"; };
		C29A881D13FB361100CA1FD1 /* mark-circle-wrong.png */ = {isa = PBXFileReference; lastKnownFileType = image.png; path = "mark-circle-wrong.png"; sourceTree = "<group>"; };
		C29A881E13FB361100CA1FD1 /* mark-circle-wrong@2x.png */ = {isa = PBXFileReference; lastKnownFileType = image.png; path = "mark-circle-wrong@2x.png"; sourceTree = "<group>"; };
		C2A6AAA813F954E800A2B0AF /* WordTestView.h */ = {isa = PBXFileReference; fileEncoding = 4; lastKnownFileType = sourcecode.c.h; path = WordTestView.h; sourceTree = "<group>"; };
		C2A6AAA913F954E800A2B0AF /* WordTestView.m */ = {isa = PBXFileReference; fileEncoding = 4; lastKnownFileType = sourcecode.c.objc; path = WordTestView.m; sourceTree = "<group>"; };
		C2A6AAEC13F978AC00A2B0AF /* paper.png */ = {isa = PBXFileReference; lastKnownFileType = image.png; path = paper.png; sourceTree = "<group>"; };
		C2A6AAED13F978AC00A2B0AF /* paper@2x.png */ = {isa = PBXFileReference; lastKnownFileType = image.png; path = "paper@2x.png"; sourceTree = "<group>"; };
		C2A6AAF013F97D4400A2B0AF /* WordPaperView.h */ = {isa = PBXFileReference; fileEncoding = 4; lastKnownFileType = sourcecode.c.h; path = WordPaperView.h; sourceTree = "<group>"; };
		C2A6AAF113F97D4400A2B0AF /* WordPaperView.m */ = {isa = PBXFileReference; fileEncoding = 4; lastKnownFileType = sourcecode.c.objc; path = WordPaperView.m; sourceTree = "<group>"; };
		C2BA9AF113F2CFA700655182 /* AVFoundation.framework */ = {isa = PBXFileReference; lastKnownFileType = wrapper.framework; name = AVFoundation.framework; path = System/Library/Frameworks/AVFoundation.framework; sourceTree = SDKROOT; };
/* End PBXFileReference section */

/* Begin PBXFrameworksBuildPhase section */
		063241FA13D87C7F00388D3E /* Frameworks */ = {
			isa = PBXFrameworksBuildPhase;
			buildActionMask = 2147483647;
			files = (
				C2BA9AF213F2CFA700655182 /* AVFoundation.framework in Frameworks */,
				06AE715A13E4E65000653717 /* libsqlite3.dylib in Frameworks */,
				06B2F9ED13E4333C001463AC /* CoreData.framework in Frameworks */,
				06066CF113DA97710019D945 /* CoreText.framework in Frameworks */,
				067A0DF013D88991003589DA /* QuartzCore.framework in Frameworks */,
				0632420213D87C7F00388D3E /* UIKit.framework in Frameworks */,
				0632420413D87C7F00388D3E /* Foundation.framework in Frameworks */,
				0632420613D87C7F00388D3E /* CoreGraphics.framework in Frameworks */,
			);
			runOnlyForDeploymentPostprocessing = 0;
		};
/* End PBXFrameworksBuildPhase section */

/* Begin PBXGroup section */
		06066C7D13D9C97A0019D945 /* Images */ = {
			isa = PBXGroup;
			children = (
				C2559FE114113CD700558487 /* down-button.png */,
				C29A881B13FB361100CA1FD1 /* mark-circle-right.png */,
				C29A881C13FB361100CA1FD1 /* mark-circle-right@2x.png */,
				C29A881D13FB361100CA1FD1 /* mark-circle-wrong.png */,
				C29A881E13FB361100CA1FD1 /* mark-circle-wrong@2x.png */,
				C2A6AAEC13F978AC00A2B0AF /* paper.png */,
				C2A6AAED13F978AC00A2B0AF /* paper@2x.png */,
				0693086B13E566DD00FBF949 /* tag-gre.png */,
				0693086C13E566DD00FBF949 /* tag-gre@2x.png */,
				0693086D13E566DD00FBF949 /* tag-toefl.png */,
				0693086E13E566DD00FBF949 /* tag-toefl@2x.png */,
				0693086F13E566DD00FBF949 /* tag-yelts.png */,
				0693087013E566DD00FBF949 /* tag-yelts@2x.png */,
				0693086713E561D600FBF949 /* mark-circle-gray.png */,
				0693086813E561D600FBF949 /* mark-circle-gray@2x.png */,
				0693086313E55FEE00FBF949 /* speaker.png */,
				0693086413E55FEE00FBF949 /* speaker@2x.png */,
				06B1F22D13E0E0BF00864971 /* check-mark.png */,
				06B1F22E13E0E0BF00864971 /* check-mark@2x.png */,
				065EE49013E051A60032CB43 /* arrow-back.png */,
				065EE49113E051A60032CB43 /* arrow-back@2x.png */,
				06647EB413DF091600A65A97 /* mark-circle@2x.png */,
				06647EAC13DEFE2300A65A97 /* mark-circle.png */,
				06066D1313DBFDC30019D945 /* Unit-1@2x.png */,
				06066D1413DBFDC40019D945 /* Unit-2@2x.PNG */,
				06066D1513DBFDC40019D945 /* Unit-3@2x.png */,
				06066D1613DBFDC40019D945 /* Unit-4@2x.png */,
				06066D1713DBFDC40019D945 /* Unit-5@2x.png */,
				06066D0E13DBC7600019D945 /* search-bg.png */,
				06066D1D13DC10600019D945 /* search-bg@2x.png */,
				06066C8C13D9D97E0019D945 /* Unit-1.png */,
				06066C8D13D9D97E0019D945 /* Unit-2.png */,
				06066C8E13D9D97E0019D945 /* Unit-3.png */,
				06066C8F13D9D97E0019D945 /* Unit-4.png */,
				06066C9013D9D97E0019D945 /* Unit-5.png */,
				06066C7E13D9C9850019D945 /* Default.png */,
			);
			path = Images;
			sourceTree = "<group>";
		};
		063241F213D87C7F00388D3E = {
			isa = PBXGroup;
			children = (
				064B389813D882D9006A5780 /* README */,
				0632420713D87C7F00388D3E /* WordTotalFrequency */,
				0632420013D87C7F00388D3E /* Frameworks */,
				063241FE13D87C7F00388D3E /* Products */,
			);
			sourceTree = "<group>";
		};
		063241FE13D87C7F00388D3E /* Products */ = {
			isa = PBXGroup;
			children = (
				063241FD13D87C7F00388D3E /* WordTotalFrequency.app */,
			);
			name = Products;
			sourceTree = "<group>";
		};
		0632420013D87C7F00388D3E /* Frameworks */ = {
			isa = PBXGroup;
			children = (
				06AE715913E4E65000653717 /* libsqlite3.dylib */,
				C2BA9AF113F2CFA700655182 /* AVFoundation.framework */,
				06B2F9EC13E4333C001463AC /* CoreData.framework */,
				06066CF013DA97710019D945 /* CoreText.framework */,
				067A0DEF13D88991003589DA /* QuartzCore.framework */,
				0632420113D87C7F00388D3E /* UIKit.framework */,
				0632420313D87C7F00388D3E /* Foundation.framework */,
				0632420513D87C7F00388D3E /* CoreGraphics.framework */,
			);
			name = Frameworks;
			sourceTree = "<group>";
		};
		0632420713D87C7F00388D3E /* WordTotalFrequency */ = {
			isa = PBXGroup;
			children = (
				067A0DFB13D8918A003589DA /* Classes */,
				067A0DFC13D8918B003589DA /* Common */,
				067A0E0113D8918B003589DA /* Controllers */,
				067A0E0213D8918B003589DA /* Extentions */,
				067A0E0313D8918B003589DA /* Views */,
				067A0DF713D890BA003589DA /* Models */,
				0632421013D87C7F00388D3E /* WordTotalFrequencyAppDelegate.h */,
				0632421113D87C8000388D3E /* WordTotalFrequencyAppDelegate.m */,
				0632420813D87C7F00388D3E /* Supporting Files */,
			);
			path = WordTotalFrequency;
			sourceTree = "<group>";
		};
		0632420813D87C7F00388D3E /* Supporting Files */ = {
			isa = PBXGroup;
			children = (
				C28CFCEB13F4232A0081B2C0 /* WordTotalFrequency.sqlite */,
				06B2F9EF13E433F0001463AC /* WordModel.xcdatamodeld */,
				06066C7D13D9C97A0019D945 /* Images */,
				0632420913D87C7F00388D3E /* WordTotalFrequency-Info.plist */,
				0632420A13D87C7F00388D3E /* InfoPlist.strings */,
				0632420D13D87C7F00388D3E /* WordTotalFrequency-Prefix.pch */,
				0632420E13D87C7F00388D3E /* main.m */,
				0632421313D87C8000388D3E /* MainWindow.xib */,
			);
			name = "Supporting Files";
			sourceTree = "<group>";
		};
		067A0DF713D890BA003589DA /* Models */ = {
			isa = PBXGroup;
			children = (
				067A0DF813D890D2003589DA /* WordSet.h */,
				067A0DF913D890D2003589DA /* WordSet.m */,
				06B2F9F213E434D3001463AC /* Word.h */,
				06B2F9F313E434D3001463AC /* Word.m */,
			);
			path = Models;
			sourceTree = "<group>";
		};
		067A0DFB13D8918A003589DA /* Classes */ = {
			isa = PBXGroup;
			children = (
				06066CE513DA95A00019D945 /* MTLabel.h */,
				06066CE613DA95A00019D945 /* MTLabel.m */,
				06066D0A13DB17E70019D945 /* CAArrowShapeLayer.h */,
				06066D0B13DB17E70019D945 /* CAArrowShapeLayer.m */,
				06066D1013DBC7A10019D945 /* CustomSearchBar.h */,
				06066D1113DBC7A10019D945 /* CustomSearchBar.m */,
			);
			path = Classes;
			sourceTree = "<group>";
		};
		067A0DFC13D8918B003589DA /* Common */ = {
			isa = PBXGroup;
			children = (
				067A0E1113D8E469003589DA /* Common.h */,
			);
			path = Common;
			sourceTree = "<group>";
		};
		067A0E0113D8918B003589DA /* Controllers */ = {
			isa = PBXGroup;
			children = (
				067A0E0613D891AC003589DA /* DashboardController.h */,
				067A0E0713D891AC003589DA /* DashboardController.m */,
				064A681613D905FB001B6828 /* WordSetController.h */,
				064A681713D905FB001B6828 /* WordSetController.m */,
				06647E8B13DDC9F100A65A97 /* WordListController.h */,
				06647E8C13DDC9F100A65A97 /* WordListController.m */,
				065EE49713E058990032CB43 /* WordDetailController.h */,
				065EE49813E0589A0032CB43 /* WordDetailController.m */,
			);
			path = Controllers;
			sourceTree = "<group>";
		};
		067A0E0213D8918B003589DA /* Extentions */ = {
			isa = PBXGroup;
			children = (
				067A0E1413D8E8D3003589DA /* UIColor+WTF.h */,
				067A0E1513D8E8D3003589DA /* UIColor+WTF.m */,
			);
			path = Extentions;
			sourceTree = "<group>";
		};
		067A0E0313D8918B003589DA /* Views */ = {
			isa = PBXGroup;
			children = (
				067A0E1713D8EBBE003589DA /* DashboardView.h */,
				067A0E1813D8EBBE003589DA /* DashboardView.m */,
				06066CA613DA3A7A0019D945 /* UnitIconView.h */,
				06066CA713DA3A7A0019D945 /* UnitIconView.m */,
				06066CE213DA804B0019D945 /* WordSetBriefView.h */,
				06066CE313DA804B0019D945 /* WordSetBriefView.m */,
				06647EA513DEFB7400A65A97 /* WordListCellContentView.h */,
				06647EA613DEFB7400A65A97 /* WordListCellContentView.m */,
				064DBE6313DF116300990264 /* OCProgress.h */,
				064DBE6413DF116300990264 /* OCProgress.m */,
				065EE48613DF8FC50032CB43 /* BriefView.h */,
				065EE48713DF8FC50032CB43 /* BriefView.m */,
				C28CFD2C13F4A43D0081B2C0 /* WordDetailView.h */,
				C28CFD2D13F4A43E0081B2C0 /* WordDetailView.m */,
				C2A6AAA813F954E800A2B0AF /* WordTestView.h */,
				C2A6AAA913F954E800A2B0AF /* WordTestView.m */,
				C2A6AAF013F97D4400A2B0AF /* WordPaperView.h */,
				C2A6AAF113F97D4400A2B0AF /* WordPaperView.m */,
			);
			path = Views;
			sourceTree = "<group>";
		};
/* End PBXGroup section */

/* Begin PBXNativeTarget section */
		063241FC13D87C7F00388D3E /* WordTotalFrequency */ = {
			isa = PBXNativeTarget;
			buildConfigurationList = 0632421E13D87C8000388D3E /* Build configuration list for PBXNativeTarget "WordTotalFrequency" */;
			buildPhases = (
				063241F913D87C7F00388D3E /* Sources */,
				063241FA13D87C7F00388D3E /* Frameworks */,
				063241FB13D87C7F00388D3E /* Resources */,
			);
			buildRules = (
			);
			dependencies = (
			);
			name = WordTotalFrequency;
			productName = WordTotalFrequency;
			productReference = 063241FD13D87C7F00388D3E /* WordTotalFrequency.app */;
			productType = "com.apple.product-type.application";
		};
/* End PBXNativeTarget section */

/* Begin PBXProject section */
		063241F413D87C7F00388D3E /* Project object */ = {
			isa = PBXProject;
			buildConfigurationList = 063241F713D87C7F00388D3E /* Build configuration list for PBXProject "WordTotalFrequency" */;
			compatibilityVersion = "Xcode 3.2";
			developmentRegion = English;
			hasScannedForEncodings = 0;
			knownRegions = (
				en,
			);
			mainGroup = 063241F213D87C7F00388D3E;
			productRefGroup = 063241FE13D87C7F00388D3E /* Products */;
			projectDirPath = "";
			projectRoot = "";
			targets = (
				063241FC13D87C7F00388D3E /* WordTotalFrequency */,
			);
		};
/* End PBXProject section */

/* Begin PBXResourcesBuildPhase section */
		063241FB13D87C7F00388D3E /* Resources */ = {
			isa = PBXResourcesBuildPhase;
			buildActionMask = 2147483647;
			files = (
				0632420C13D87C7F00388D3E /* InfoPlist.strings in Resources */,
				0632421513D87C8000388D3E /* MainWindow.xib in Resources */,
				064B389913D882D9006A5780 /* README in Resources */,
				06066C7F13D9C9850019D945 /* Default.png in Resources */,
				06066C9113D9D97E0019D945 /* Unit-1.png in Resources */,
				06066C9213D9D97E0019D945 /* Unit-2.png in Resources */,
				06066C9313D9D97E0019D945 /* Unit-3.png in Resources */,
				06066C9413D9D97E0019D945 /* Unit-4.png in Resources */,
				06066C9513D9D97E0019D945 /* Unit-5.png in Resources */,
				06066D0F13DBC7600019D945 /* search-bg.png in Resources */,
				06066D1813DBFDC50019D945 /* Unit-1@2x.png in Resources */,
				06066D1913DBFDC50019D945 /* Unit-2@2x.PNG in Resources */,
				06066D1A13DBFDC50019D945 /* Unit-3@2x.png in Resources */,
				06066D1B13DBFDC50019D945 /* Unit-4@2x.png in Resources */,
				06066D1C13DBFDC50019D945 /* Unit-5@2x.png in Resources */,
				06066D1E13DC10600019D945 /* search-bg@2x.png in Resources */,
				06647EAD13DEFE2300A65A97 /* mark-circle.png in Resources */,
				06647EB513DF091600A65A97 /* mark-circle@2x.png in Resources */,
				065EE49213E051A60032CB43 /* arrow-back.png in Resources */,
				065EE49313E051A60032CB43 /* arrow-back@2x.png in Resources */,
				06B1F22F13E0E0BF00864971 /* check-mark.png in Resources */,
				06B1F23013E0E0BF00864971 /* check-mark@2x.png in Resources */,
				0693086513E55FEE00FBF949 /* speaker.png in Resources */,
				0693086613E55FEE00FBF949 /* speaker@2x.png in Resources */,
				0693086913E561D600FBF949 /* mark-circle-gray.png in Resources */,
				0693086A13E561D600FBF949 /* mark-circle-gray@2x.png in Resources */,
				0693087113E566DD00FBF949 /* tag-gre.png in Resources */,
				0693087213E566DD00FBF949 /* tag-gre@2x.png in Resources */,
				0693087313E566DD00FBF949 /* tag-toefl.png in Resources */,
				0693087413E566DD00FBF949 /* tag-toefl@2x.png in Resources */,
				0693087513E566DD00FBF949 /* tag-yelts.png in Resources */,
				0693087613E566DD00FBF949 /* tag-yelts@2x.png in Resources */,
				C28CFCEC13F4232A0081B2C0 /* WordTotalFrequency.sqlite in Resources */,
				C2A6AAEE13F978AC00A2B0AF /* paper.png in Resources */,
				C2A6AAEF13F978AC00A2B0AF /* paper@2x.png in Resources */,
				C29A881F13FB361100CA1FD1 /* mark-circle-right.png in Resources */,
				C29A882013FB361100CA1FD1 /* mark-circle-right@2x.png in Resources */,
				C29A882113FB361100CA1FD1 /* mark-circle-wrong.png in Resources */,
				C29A882213FB361100CA1FD1 /* mark-circle-wrong@2x.png in Resources */,
				C2559FE214113CD700558487 /* down-button.png in Resources */,
			);
			runOnlyForDeploymentPostprocessing = 0;
		};
/* End PBXResourcesBuildPhase section */

/* Begin PBXSourcesBuildPhase section */
		063241F913D87C7F00388D3E /* Sources */ = {
			isa = PBXSourcesBuildPhase;
			buildActionMask = 2147483647;
			files = (
				0632420F13D87C7F00388D3E /* main.m in Sources */,
				0632421213D87C8000388D3E /* WordTotalFrequencyAppDelegate.m in Sources */,
				067A0DFA13D890D2003589DA /* WordSet.m in Sources */,
				067A0E0813D891AC003589DA /* DashboardController.m in Sources */,
				067A0E1613D8E8D3003589DA /* UIColor+WTF.m in Sources */,
				067A0E1913D8EBBE003589DA /* DashboardView.m in Sources */,
				064A681813D905FB001B6828 /* WordSetController.m in Sources */,
				06066CA813DA3A7A0019D945 /* UnitIconView.m in Sources */,
				06066CE413DA804C0019D945 /* WordSetBriefView.m in Sources */,
				06066CE713DA95A00019D945 /* MTLabel.m in Sources */,
				06066D0C13DB17E70019D945 /* CAArrowShapeLayer.m in Sources */,
				06066D1213DBC7A10019D945 /* CustomSearchBar.m in Sources */,
				06647E8D13DDC9F100A65A97 /* WordListController.m in Sources */,
				06647EA713DEFB7400A65A97 /* WordListCellContentView.m in Sources */,
				064DBE6513DF116300990264 /* OCProgress.m in Sources */,
				065EE48813DF8FC50032CB43 /* BriefView.m in Sources */,
				065EE49913E0589A0032CB43 /* WordDetailController.m in Sources */,
				06B2F9F113E433F0001463AC /* WordModel.xcdatamodeld in Sources */,
				06B2F9F413E434D3001463AC /* Word.m in Sources */,
				C28CFD2E13F4A43E0081B2C0 /* WordDetailView.m in Sources */,
				C2A6AAAA13F954E800A2B0AF /* WordTestView.m in Sources */,
				C2A6AAF213F97D4400A2B0AF /* WordPaperView.m in Sources */,
			);
			runOnlyForDeploymentPostprocessing = 0;
		};
/* End PBXSourcesBuildPhase section */

/* Begin PBXVariantGroup section */
		0632420A13D87C7F00388D3E /* InfoPlist.strings */ = {
			isa = PBXVariantGroup;
			children = (
				0632420B13D87C7F00388D3E /* en */,
			);
			name = InfoPlist.strings;
			sourceTree = "<group>";
		};
		0632421313D87C8000388D3E /* MainWindow.xib */ = {
			isa = PBXVariantGroup;
			children = (
				0632421413D87C8000388D3E /* en */,
			);
			name = MainWindow.xib;
			sourceTree = "<group>";
		};
/* End PBXVariantGroup section */

/* Begin XCBuildConfiguration section */
		0632421C13D87C8000388D3E /* Debug */ = {
			isa = XCBuildConfiguration;
			buildSettings = {
				ARCHS = "$(ARCHS_STANDARD_32_BIT)";
				"CODE_SIGN_IDENTITY[sdk=iphoneos*]" = "iPhone Developer";
				GCC_C_LANGUAGE_STANDARD = gnu99;
				GCC_OPTIMIZATION_LEVEL = 0;
				GCC_PREPROCESSOR_DEFINITIONS = DEBUG;
				GCC_SYMBOLS_PRIVATE_EXTERN = NO;
				GCC_VERSION = com.apple.compilers.llvmgcc42;
				GCC_WARN_ABOUT_RETURN_TYPE = YES;
				GCC_WARN_UNUSED_VARIABLE = YES;
				IPHONEOS_DEPLOYMENT_TARGET = 4.3;
				SDKROOT = iphoneos;
			};
			name = Debug;
		};
		0632421D13D87C8000388D3E /* Release */ = {
			isa = XCBuildConfiguration;
			buildSettings = {
				ARCHS = "$(ARCHS_STANDARD_32_BIT)";
				"CODE_SIGN_IDENTITY[sdk=iphoneos*]" = "iPhone Developer";
				GCC_C_LANGUAGE_STANDARD = gnu99;
				GCC_VERSION = com.apple.compilers.llvmgcc42;
				GCC_WARN_ABOUT_RETURN_TYPE = YES;
				GCC_WARN_UNUSED_VARIABLE = YES;
				IPHONEOS_DEPLOYMENT_TARGET = 4.3;
				OTHER_CFLAGS = "-DNS_BLOCK_ASSERTIONS=1";
				SDKROOT = iphoneos;
			};
			name = Release;
		};
		0632421F13D87C8000388D3E /* Debug */ = {
			isa = XCBuildConfiguration;
			buildSettings = {
				ALWAYS_SEARCH_USER_PATHS = NO;
				COPY_PHASE_STRIP = NO;
				GCC_DYNAMIC_NO_PIC = NO;
				GCC_PRECOMPILE_PREFIX_HEADER = YES;
				GCC_PREFIX_HEADER = "WordTotalFrequency/WordTotalFrequency-Prefix.pch";
				GCC_VERSION = com.apple.compilers.llvm.clang.1_0;
				INFOPLIST_FILE = "WordTotalFrequency/WordTotalFrequency-Info.plist";
				PRODUCT_NAME = "$(TARGET_NAME)";
				WRAPPER_EXTENSION = app;
			};
			name = Debug;
		};
		0632422013D87C8000388D3E /* Release */ = {
			isa = XCBuildConfiguration;
			buildSettings = {
				ALWAYS_SEARCH_USER_PATHS = NO;
				COPY_PHASE_STRIP = YES;
				GCC_PRECOMPILE_PREFIX_HEADER = YES;
				GCC_PREFIX_HEADER = "WordTotalFrequency/WordTotalFrequency-Prefix.pch";
				GCC_VERSION = com.apple.compilers.llvm.clang.1_0;
				INFOPLIST_FILE = "WordTotalFrequency/WordTotalFrequency-Info.plist";
				PRODUCT_NAME = "$(TARGET_NAME)";
				VALIDATE_PRODUCT = YES;
				WRAPPER_EXTENSION = app;
			};
			name = Release;
		};
/* End XCBuildConfiguration section */

/* Begin XCConfigurationList section */
		063241F713D87C7F00388D3E /* Build configuration list for PBXProject "WordTotalFrequency" */ = {
			isa = XCConfigurationList;
			buildConfigurations = (
				0632421C13D87C8000388D3E /* Debug */,
				0632421D13D87C8000388D3E /* Release */,
			);
			defaultConfigurationIsVisible = 0;
			defaultConfigurationName = Release;
		};
		0632421E13D87C8000388D3E /* Build configuration list for PBXNativeTarget "WordTotalFrequency" */ = {
			isa = XCConfigurationList;
			buildConfigurations = (
				0632421F13D87C8000388D3E /* Debug */,
				0632422013D87C8000388D3E /* Release */,
			);
			defaultConfigurationIsVisible = 0;
			defaultConfigurationName = Release;
		};
/* End XCConfigurationList section */

/* Begin XCVersionGroup section */
		06B2F9EF13E433F0001463AC /* WordModel.xcdatamodeld */ = {
			isa = XCVersionGroup;
			children = (
				06B2F9F013E433F0001463AC /* WordModel.xcdatamodel */,
			);
			currentVersion = 06B2F9F013E433F0001463AC /* WordModel.xcdatamodel */;
			name = WordModel.xcdatamodeld;
			path = Models/WordModel.xcdatamodeld;
			sourceTree = "<group>";
			versionGroupType = wrapper.xcdatamodel;
		};
/* End XCVersionGroup section */
	};
	rootObject = 063241F413D87C7F00388D3E /* Project object */;
}
